cookbook 'java', :git => 'git://github.com/sroccaserra/java.git', :ref => '9971610d8bd33e54ec816e82a325c698d51bdad1'
cookbook 'elasticsearch', :locked_version => '0.2.7'
cookbook 'graphite', :git => 'git://github.com/nviennot/cookbook-graphite.git', :ref => 'fd24d2d0e1136de2c08da939ea7a99d2970760e0'
cookbook 'collectd', :git => 'git://github.com/coderanger/chef-collectd.git', :ref => 'b280448b8053695f7689593239fe16e353927869'
cookbook 'statsd', :git => 'git://github.com/hectcastro/chef-statsd.git', :ref => '0349f8f6c69fb8977ce1cd6065df9bc3d0d152e3'
cookbook 'base', :path => 'site-cookbooks/base'
cookbook 'hosts', :path => 'site-cookbooks/hosts'
cookbook 'ssd', :path => 'site-cookbooks/ssd'
cookbook 'mongodb', :path => 'site-cookbooks/mongodb'
cookbook 'glusterfs', :path => 'site-cookbooks/glusterfs'
cookbook 'collectd_graphite', :path => 'site-cookbooks/collectd_graphite'
cookbook 'oracle_jdk_7', :path => 'site-cookbooks/oracle_jdk_7'
cookbook 'windows', :locked_version => '1.8.6'
cookbook 'chef_handler', :locked_version => '1.1.4'
cookbook 'build-essential', :locked_version => '1.3.4'
cookbook 'xml', :locked_version => '1.1.2'
cookbook 'monit', :locked_version => '0.7.0'
cookbook 'ark', :locked_version => '0.1.0'
cookbook 'python', :locked_version => '1.2.2'
cookbook 'yum', :locked_version => '2.2.0'
cookbook 'apache2', :locked_version => '1.6.0'
cookbook 'runit', :locked_version => '1.0.6'
cookbook 'memcached', :locked_version => '1.3.0'
cookbook 'git', :locked_version => '2.4.0'
cookbook 'dmg', :locked_version => '1.1.0'
cookbook 'logrotate', :locked_version => '1.2.0'
cookbook 'nodejs', :locked_version => '1.1.2'
cookbook 'apt', :locked_version => '1.9.2'
cookbook 'hostsfile', :locked_version => '1.0.0'
